
Microsoft Visual Studio Solution File, Format Version 12.00
# Visual Studio Version 17
VisualStudioVersion = 17.4.33213.308
MinimumVisualStudioVersion = 10.0.40219.1
Project("{FAE04EC0-301F-11D3-BF4B-00C04F79EFBC}") = "zad3W2L4", "zad3W2L4\zad3W2L4.csproj", "{9585C28C-600B-466A-8F32-976B4F2B6BED}"
EndProject
Global
	GlobalSection(SolutionConfigurationPlatforms) = preSolution
		Debug|Any CPU = Debug|Any CPU
		Release|Any CPU = Release|Any CPU
	EndGlobalSection
	GlobalSection(ProjectConfigurationPlatforms) = postSolution
		{9585C28C-600B-466A-8F32-976B4F2B6BED}.Debug|Any CPU.ActiveCfg = Debug|Any CPU
		{9585C28C-600B-466A-8F32-976B4F2B6BED}.Debug|Any CPU.Build.0 = Debug|Any CPU
		{9585C28C-600B-466A-8F32-976B4F2B6BED}.Release|Any CPU.ActiveCfg = Release|Any CPU
		{9585C28C-600B-466A-8F32-976B4F2B6BED}.Release|Any CPU.Build.0 = Release|Any CPU
	EndGlobalSection
	GlobalSection(SolutionProperties) = preSolution
		HideSolutionNode = FALSE
	EndGlobalSection
	GlobalSection(ExtensibilityGlobals) = postSolution
		SolutionGuid = {E5477243-57B6-4338-A21F-8C8A6768AA97}
	EndGlobalSection
EndGlobal
